// !$*UTF8*$!
{
	archiveVersion = 1;
	classes = {
	};
	objectVersion = 50;
	objects = {

/* Begin PBXBuildFile section */
		8B8CCC3A87E5EB955DDD48BB /* Pods_m00d_tracker.framework in Frameworks */ = {isa = PBXBuildFile; fileRef = 805B9B01B6D8D49A36FA2B7B /* Pods_m00d_tracker.framework */; };
		949E124D211CEC02004C7A1A /* AppDelegate.swift in Sources */ = {isa = PBXBuildFile; fileRef = 949E124C211CEC02004C7A1A /* AppDelegate.swift */; };
		949E124F211CEC02004C7A1A /* ViewController.swift in Sources */ = {isa = PBXBuildFile; fileRef = 949E124E211CEC02004C7A1A /* ViewController.swift */; };
		949E1252211CEC02004C7A1A /* Main.storyboard in Resources */ = {isa = PBXBuildFile; fileRef = 949E1250211CEC02004C7A1A /* Main.storyboard */; };
		949E1254211CEC03004C7A1A /* Assets.xcassets in Resources */ = {isa = PBXBuildFile; fileRef = 949E1253211CEC03004C7A1A /* Assets.xcassets */; };
		949E1257211CEC03004C7A1A /* LaunchScreen.storyboard in Resources */ = {isa = PBXBuildFile; fileRef = 949E1255211CEC03004C7A1A /* LaunchScreen.storyboard */; };
/* End PBXBuildFile section */

/* Begin PBXFileReference section */
		124DE8AB4A7D0E4E710F8F9B /* Pods-m00d-tracker.release.xcconfig */ = {isa = PBXFileReference; includeInIndex = 1; lastKnownFileType = text.xcconfig; name = "Pods-m00d-tracker.release.xcconfig"; path = "Pods/Target Support Files/Pods-m00d-tracker/Pods-m00d-tracker.release.xcconfig"; sourceTree = "<group>"; };
		75CF2885E480B360A82DB412 /* Pods-m00d-tracker.debug.xcconfig */ = {isa = PBXFileReference; includeInIndex = 1; lastKnownFileType = text.xcconfig; name = "Pods-m00d-tracker.debug.xcconfig"; path = "Pods/Target Support Files/Pods-m00d-tracker/Pods-m00d-tracker.debug.xcconfig"; sourceTree = "<group>"; };
		805B9B01B6D8D49A36FA2B7B /* Pods_m00d_tracker.framework */ = {isa = PBXFileReference; explicitFileType = wrapper.framework; includeInIndex = 0; path = Pods_m00d_tracker.framework; sourceTree = BUILT_PRODUCTS_DIR; };
		949E1249211CEC02004C7A1A /* m00d-tracker.app */ = {isa = PBXFileReference; explicitFileType = wrapper.application; includeInIndex = 0; path = "m00d-tracker.app"; sourceTree = BUILT_PRODUCTS_DIR; };
		949E124C211CEC02004C7A1A /* AppDelegate.swift */ = {isa = PBXFileReference; lastKnownFileType = sourcecode.swift; path = AppDelegate.swift; sourceTree = "<group>"; };
		949E124E211CEC02004C7A1A /* ViewController.swift */ = {isa = PBXFileReference; lastKnownFileType = sourcecode.swift; path = ViewController.swift; sourceTree = "<group>"; };
		949E1251211CEC02004C7A1A /* Base */ = {isa = PBXFileReference; lastKnownFileType = file.storyboard; name = Base; path = Base.lproj/Main.storyboard; sourceTree = "<group>"; };
		949E1253211CEC03004C7A1A /* Assets.xcassets */ = {isa = PBXFileReference; lastKnownFileType = folder.assetcatalog; path = Assets.xcassets; sourceTree = "<group>"; };
		949E1256211CEC03004C7A1A /* Base */ = {isa = PBXFileReference; lastKnownFileType = file.storyboard; name = Base; path = Base.lproj/LaunchScreen.storyboard; sourceTree = "<group>"; };
		949E1258211CEC03004C7A1A /* Info.plist */ = {isa = PBXFileReference; lastKnownFileType = text.plist.xml; path = Info.plist; sourceTree = "<group>"; };
		94E93898211D0F3300B89AE9 /* Config.h */ = {isa = PBXFileReference; lastKnownFileType = sourcecode.c.h; path = Config.h; sourceTree = "<group>"; };
		94E9389A211D101200B89AE9 /* Bridging-Header.h */ = {isa = PBXFileReference; lastKnownFileType = sourcecode.c.h; name = "Bridging-Header.h"; path = "/Users/meg/code/ios/m00d-tracker/Bridging-Header.h"; sourceTree = "<absolute>"; };
/* End PBXFileReference section */

/* Begin PBXFrameworksBuildPhase section */
		949E1246211CEC02004C7A1A /* Frameworks */ = {
			isa = PBXFrameworksBuildPhase;
			buildActionMask = 2147483647;
			files = (
				8B8CCC3A87E5EB955DDD48BB /* Pods_m00d_tracker.framework in Frameworks */,
			);
			runOnlyForDeploymentPostprocessing = 0;
		};
/* End PBXFrameworksBuildPhase section */

/* Begin PBXGroup section */
		949E1240211CEC02004C7A1A = {
			isa = PBXGroup;
			children = (
				94E9389A211D101200B89AE9 /* Bridging-Header.h */,
				94E93898211D0F3300B89AE9 /* Config.h */,
				949E124B211CEC02004C7A1A /* m00d-tracker */,
				949E124A211CEC02004C7A1A /* Products */,
				E1A7BADA14F89CD543F9B074 /* Pods */,
				A6CB857BB84631AF622DED52 /* Frameworks */,
			);
			sourceTree = "<group>";
		};
		949E124A211CEC02004C7A1A /* Products */ = {
			isa = PBXGroup;
			children = (
				949E1249211CEC02004C7A1A /* m00d-tracker.app */,
			);
			name = Products;
			sourceTree = "<group>";
		};
		949E124B211CEC02004C7A1A /* m00d-tracker */ = {
			isa = PBXGroup;
			children = (
				949E124C211CEC02004C7A1A /* AppDelegate.swift */,
				949E124E211CEC02004C7A1A /* ViewController.swift */,
				949E1250211CEC02004C7A1A /* Main.storyboard */,
				949E1253211CEC03004C7A1A /* Assets.xcassets */,
				949E1255211CEC03004C7A1A /* LaunchScreen.storyboard */,
				949E1258211CEC03004C7A1A /* Info.plist */,
			);
			path = "m00d-tracker";
			sourceTree = "<group>";
		};
		A6CB857BB84631AF622DED52 /* Frameworks */ = {
			isa = PBXGroup;
			children = (
				805B9B01B6D8D49A36FA2B7B /* Pods_m00d_tracker.framework */,
			);
			name = Frameworks;
			sourceTree = "<group>";
		};
		E1A7BADA14F89CD543F9B074 /* Pods */ = {
			isa = PBXGroup;
			children = (
				75CF2885E480B360A82DB412 /* Pods-m00d-tracker.debug.xcconfig */,
				124DE8AB4A7D0E4E710F8F9B /* Pods-m00d-tracker.release.xcconfig */,
			);
			name = Pods;
			sourceTree = "<group>";
		};
/* End PBXGroup section */

/* Begin PBXNativeTarget section */
		949E1248211CEC02004C7A1A /* m00d-tracker */ = {
			isa = PBXNativeTarget;
			buildConfigurationList = 949E125B211CEC03004C7A1A /* Build configuration list for PBXNativeTarget "m00d-tracker" */;
			buildPhases = (
				B6552F38B1B5AED06C89C9E8 /* [CP] Check Pods Manifest.lock */,
				949E1245211CEC02004C7A1A /* Sources */,
				949E1246211CEC02004C7A1A /* Frameworks */,
				949E1247211CEC02004C7A1A /* Resources */,
				2A10B0DD34785F74A76DC6A9 /* [CP] Embed Pods Frameworks */,
				A5EB7737F31520E299F59441 /* [CP] Copy Pods Resources */,
			);
			buildRules = (
			);
			dependencies = (
			);
			name = "m00d-tracker";
			productName = "m00d-tracker";
			productReference = 949E1249211CEC02004C7A1A /* m00d-tracker.app */;
			productType = "com.apple.product-type.application";
		};
/* End PBXNativeTarget section */

/* Begin PBXProject section */
		949E1241211CEC02004C7A1A /* Project object */ = {
			isa = PBXProject;
			attributes = {
				LastSwiftUpdateCheck = 0940;
				LastUpgradeCheck = 0940;
				ORGANIZATIONNAME = meggrasse;
				TargetAttributes = {
					949E1248211CEC02004C7A1A = {
						CreatedOnToolsVersion = 9.4.1;
					};
				};
			};
			buildConfigurationList = 949E1244211CEC02004C7A1A /* Build configuration list for PBXProject "m00d-tracker" */;
			compatibilityVersion = "Xcode 9.3";
			developmentRegion = en;
			hasScannedForEncodings = 0;
			knownRegions = (
				en,
				Base,
			);
			mainGroup = 949E1240211CEC02004C7A1A;
			productRefGroup = 949E124A211CEC02004C7A1A /* Products */;
			projectDirPath = "";
			projectRoot = "";
			targets = (
				949E1248211CEC02004C7A1A /* m00d-tracker */,
			);
		};
/* End PBXProject section */

/* Begin PBXResourcesBuildPhase section */
		949E1247211CEC02004C7A1A /* Resources */ = {
			isa = PBXResourcesBuildPhase;
			buildActionMask = 2147483647;
			files = (
				949E1257211CEC03004C7A1A /* LaunchScreen.storyboard in Resources */,
				949E1254211CEC03004C7A1A /* Assets.xcassets in Resources */,
				949E1252211CEC02004C7A1A /* Main.storyboard in Resources */,
			);
			runOnlyForDeploymentPostprocessing = 0;
		};
/* End PBXResourcesBuildPhase section */

/* Begin PBXShellScriptBuildPhase section */
		2A10B0DD34785F74A76DC6A9 /* [CP] Embed Pods Frameworks */ = {
			isa = PBXShellScriptBuildPhase;
			buildActionMask = 2147483647;
			files = (
			);
			inputPaths = (
				"${SRCROOT}/Pods/Target Support Files/Pods-m00d-tracker/Pods-m00d-tracker-frameworks.sh",
				"${BUILT_PRODUCTS_DIR}/GTMOAuth2/GTMOAuth2.framework",
				"${BUILT_PRODUCTS_DIR}/GTMSessionFetcher/GTMSessionFetcher.framework",
				"${BUILT_PRODUCTS_DIR}/GoogleAPIClientForREST/GoogleAPIClientForREST.framework",
				"${BUILT_PRODUCTS_DIR}/GoogleToolboxForMac/GoogleToolboxForMac.framework",
			);
			name = "[CP] Embed Pods Frameworks";
			outputPaths = (
				"${TARGET_BUILD_DIR}/${FRAMEWORKS_FOLDER_PATH}/GTMOAuth2.framework",
				"${TARGET_BUILD_DIR}/${FRAMEWORKS_FOLDER_PATH}/GTMSessionFetcher.framework",
				"${TARGET_BUILD_DIR}/${FRAMEWORKS_FOLDER_PATH}/GoogleAPIClientForREST.framework",
				"${TARGET_BUILD_DIR}/${FRAMEWORKS_FOLDER_PATH}/GoogleToolboxForMac.framework",
			);
			runOnlyForDeploymentPostprocessing = 0;
			shellPath = /bin/sh;
			shellScript = "\"${SRCROOT}/Pods/Target Support Files/Pods-m00d-tracker/Pods-m00d-tracker-frameworks.sh\"\n";
			showEnvVarsInLog = 0;
		};
		A5EB7737F31520E299F59441 /* [CP] Copy Pods Resources */ = {
			isa = PBXShellScriptBuildPhase;
			buildActionMask = 2147483647;
			files = (
			);
			inputPaths = (
				"${SRCROOT}/Pods/Target Support Files/Pods-m00d-tracker/Pods-m00d-tracker-resources.sh",
				"${PODS_ROOT}/GoogleSignIn/Resources/GoogleSignIn.bundle",
			);
			name = "[CP] Copy Pods Resources";
			outputPaths = (
				"${TARGET_BUILD_DIR}/${UNLOCALIZED_RESOURCES_FOLDER_PATH}/GoogleSignIn.bundle",
			);
			runOnlyForDeploymentPostprocessing = 0;
			shellPath = /bin/sh;
			shellScript = "\"${SRCROOT}/Pods/Target Support Files/Pods-m00d-tracker/Pods-m00d-tracker-resources.sh\"\n";
			showEnvVarsInLog = 0;
		};
		B6552F38B1B5AED06C89C9E8 /* [CP] Check Pods Manifest.lock */ = {
			isa = PBXShellScriptBuildPhase;
			buildActionMask = 2147483647;
			files = (
			);
			inputPaths = (
				"${PODS_PODFILE_DIR_PATH}/Podfile.lock",
				"${PODS_ROOT}/Manifest.lock",
			);
			name = "[CP] Check Pods Manifest.lock";
			outputPaths = (
				"$(DERIVED_FILE_DIR)/Pods-m00d-tracker-checkManifestLockResult.txt",
			);
			runOnlyForDeploymentPostprocessing = 0;
			shellPath = /bin/sh;
			shellScript = "diff \"${PODS_PODFILE_DIR_PATH}/Podfile.lock\" \"${PODS_ROOT}/Manifest.lock\" > /dev/null\nif [ $? != 0 ] ; then\n    # print error to STDERR\n    echo \"error: The sandbox is not in sync with the Podfile.lock. Run 'pod install' or update your CocoaPods installation.\" >&2\n    exit 1\nfi\n# This output is used by Xcode 'outputs' to avoid re-running this script phase.\necho \"SUCCESS\" > \"${SCRIPT_OUTPUT_FILE_0}\"\n";
			showEnvVarsInLog = 0;
		};
/* End PBXShellScriptBuildPhase section */

/* Begin PBXSourcesBuildPhase section */
		949E1245211CEC02004C7A1A /* Sources */ = {
			isa = PBXSourcesBuildPhase;
			buildActionMask = 2147483647;
			files = (
				949E124F211CEC02004C7A1A /* ViewController.swift in Sources */,
				949E124D211CEC02004C7A1A /* AppDelegate.swift in Sources */,
			);
			runOnlyForDeploymentPostprocessing = 0;
		};
/* End PBXSourcesBuildPhase section */

/* Begin PBXVariantGroup section */
		949E1250211CEC02004C7A1A /* Main.storyboard */ = {
			isa = PBXVariantGroup;
			children = (
				949E1251211CEC02004C7A1A /* Base */,
			);
			name = Main.storyboard;
			sourceTree = "<group>";
		};
		949E1255211CEC03004C7A1A /* LaunchScreen.storyboard */ = {
			isa = PBXVariantGroup;
			children = (
				949E1256211CEC03004C7A1A /* Base */,
			);
			name = LaunchScreen.storyboard;
			sourceTree = "<group>";
		};
/* End PBXVariantGroup section */

/* Begin XCBuildConfiguration section */
		949E1259211CEC03004C7A1A /* Debug */ = {
			isa = XCBuildConfiguration;
			buildSettings = {
				ALWAYS_SEARCH_USER_PATHS = NO;
				CLANG_ANALYZER_NONNULL = YES;
				CLANG_ANALYZER_NUMBER_OBJECT_CONVERSION = YES_AGGRESSIVE;
				CLANG_CXX_LANGUAGE_STANDARD = "gnu++14";
				CLANG_CXX_LIBRARY = "libc++";
				CLANG_ENABLE_MODULES = YES;
				CLANG_ENABLE_OBJC_ARC = YES;
				CLANG_ENABLE_OBJC_WEAK = YES;
				CLANG_WARN_BLOCK_CAPTURE_AUTORELEASING = YES;
				CLANG_WARN_BOOL_CONVERSION = YES;
				CLANG_WARN_COMMA = YES;
				CLANG_WARN_CONSTANT_CONVERSION = YES;
				CLANG_WARN_DEPRECATED_OBJC_IMPLEMENTATIONS = YES;
				CLANG_WARN_DIRECT_OBJC_ISA_USAGE = YES_ERROR;
				CLANG_WARN_DOCUMENTATION_COMMENTS = YES;
				CLANG_WARN_EMPTY_BODY = YES;
				CLANG_WARN_ENUM_CONVERSION = YES;
				CLANG_WARN_INFINITE_RECURSION = YES;
				CLANG_WARN_INT_CONVERSION = YES;
				CLANG_WARN_NON_LITERAL_NULL_CONVERSION = YES;
				CLANG_WARN_OBJC_IMPLICIT_RETAIN_SELF = YES;
				CLANG_WARN_OBJC_LITERAL_CONVERSION = YES;
				CLANG_WARN_OBJC_ROOT_CLASS = YES_ERROR;
				CLANG_WARN_RANGE_LOOP_ANALYSIS = YES;
				CLANG_WARN_STRICT_PROTOTYPES = YES;
				CLANG_WARN_SUSPICIOUS_MOVE = YES;
				CLANG_WARN_UNGUARDED_AVAILABILITY = YES_AGGRESSIVE;
				CLANG_WARN_UNREACHABLE_CODE = YES;
				CLANG_WARN__DUPLICATE_METHOD_MATCH = YES;
				CODE_SIGN_IDENTITY = "iPhone Developer";
				COPY_PHASE_STRIP = NO;
				DEBUG_INFORMATION_FORMAT = dwarf;
				ENABLE_STRICT_OBJC_MSGSEND = YES;
				ENABLE_TESTABILITY = YES;
				GCC_C_LANGUAGE_STANDARD = gnu11;
				GCC_DYNAMIC_NO_PIC = NO;
				GCC_NO_COMMON_BLOCKS = YES;
				GCC_OPTIMIZATION_LEVEL = 0;
				GCC_PREPROCESSOR_DEFINITIONS = (
					"DEBUG=1",
					"$(inherited)",
				);
				GCC_WARN_64_TO_32_BIT_CONVERSION = YES;
				GCC_WARN_ABOUT_RETURN_TYPE = YES_ERROR;
				GCC_WARN_UNDECLARED_SELECTOR = YES;
				GCC_WARN_UNINITIALIZED_AUTOS = YES_AGGRESSIVE;
				GCC_WARN_UNUSED_FUNCTION = YES;
				GCC_WARN_UNUSED_VARIABLE = YES;
				IPHONEOS_DEPLOYMENT_TARGET = 11.4;
				MTL_ENABLE_DEBUG_INFO = YES;
				ONLY_ACTIVE_ARCH = YES;
				SDKROOT = iphoneos;
				SWIFT_ACTIVE_COMPILATION_CONDITIONS = DEBUG;
				SWIFT_OPTIMIZATION_LEVEL = "-Onone";
			};
			name = Debug;
		};
		949E125A211CEC03004C7A1A /* Release */ = {
			isa = XCBuildConfiguration;
			buildSettings = {
				ALWAYS_SEARCH_USER_PATHS = NO;
				CLANG_ANALYZER_NONNULL = YES;
				CLANG_ANALYZER_NUMBER_OBJECT_CONVERSION = YES_AGGRESSIVE;
				CLANG_CXX_LANGUAGE_STANDARD = "gnu++14";
				CLANG_CXX_LIBRARY = "libc++";
				CLANG_ENABLE_MODULES = YES;
				CLANG_ENABLE_OBJC_ARC = YES;
				CLANG_ENABLE_OBJC_WEAK = YES;
				CLANG_WARN_BLOCK_CAPTURE_AUTORELEASING = YES;
				CLANG_WARN_BOOL_CONVERSION = YES;
				CLANG_WARN_COMMA = YES;
				CLANG_WARN_CONSTANT_CONVERSION = YES;
				CLANG_WARN_DEPRECATED_OBJC_IMPLEMENTATIONS = YES;
				CLANG_WARN_DIRECT_OBJC_ISA_USAGE = YES_ERROR;
				CLANG_WARN_DOCUMENTATION_COMMENTS = YES;
				CLANG_WARN_EMPTY_BODY = YES;
				CLANG_WARN_ENUM_CONVERSION = YES;
				CLANG_WARN_INFINITE_RECURSION = YES;
				CLANG_WARN_INT_CONVERSION = YES;
				CLANG_WARN_NON_LITERAL_NULL_CONVERSION = YES;
				CLANG_WARN_OBJC_IMPLICIT_RETAIN_SELF = YES;
				CLANG_WARN_OBJC_LITERAL_CONVERSION = YES;
				CLANG_WARN_OBJC_ROOT_CLASS = YES_ERROR;
				CLANG_WARN_RANGE_LOOP_ANALYSIS = YES;
				CLANG_WARN_STRICT_PROTOTYPES = YES;
				CLANG_WARN_SUSPICIOUS_MOVE = YES;
				CLANG_WARN_UNGUARDED_AVAILABILITY = YES_AGGRESSIVE;
				CLANG_WARN_UNREACHABLE_CODE = YES;
				CLANG_WARN__DUPLICATE_METHOD_MATCH = YES;
				CODE_SIGN_IDENTITY = "iPhone Developer";
				COPY_PHASE_STRIP = NO;
				DEBUG_INFORMATION_FORMAT = "dwarf-with-dsym";
				ENABLE_NS_ASSERTIONS = NO;
				ENABLE_STRICT_OBJC_MSGSEND = YES;
				GCC_C_LANGUAGE_STANDARD = gnu11;
				GCC_NO_COMMON_BLOCKS = YES;
				GCC_WARN_64_TO_32_BIT_CONVERSION = YES;
				GCC_WARN_ABOUT_RETURN_TYPE = YES_ERROR;
				GCC_WARN_UNDECLARED_SELECTOR = YES;
				GCC_WARN_UNINITIALIZED_AUTOS = YES_AGGRESSIVE;
				GCC_WARN_UNUSED_FUNCTION = YES;
				GCC_WARN_UNUSED_VARIABLE = YES;
				IPHONEOS_DEPLOYMENT_TARGET = 11.4;
				MTL_ENABLE_DEBUG_INFO = NO;
				SDKROOT = iphoneos;
				SWIFT_COMPILATION_MODE = wholemodule;
				SWIFT_OPTIMIZATION_LEVEL = "-O";
				VALIDATE_PRODUCT = YES;
			};
			name = Release;
		};
		949E125C211CEC03004C7A1A /* Debug */ = {
			isa = XCBuildConfiguration;
			baseConfigurationReference = 75CF2885E480B360A82DB412 /* Pods-m00d-tracker.debug.xcconfig */;
			buildSettings = {
				ASSETCATALOG_COMPILER_APPICON_NAME = AppIcon;
				CODE_SIGN_STYLE = Automatic;
				DEVELOPMENT_TEAM = QR3YW3B828;
				INFOPLIST_FILE = "m00d-tracker/Info.plist";
				LD_RUNPATH_SEARCH_PATHS = (
					"$(inherited)",
					"@executable_path/Frameworks",
				);
				PRODUCT_BUNDLE_IDENTIFIER = "me.meggyg.m00d-tracker";
				PRODUCT_NAME = "$(TARGET_NAME)";
				SWIFT_OBJC_BRIDGING_HEADER = "$PROJECT_DIR/Bridging-Header.h";
				SWIFT_VERSION = 4.0;
				TARGETED_DEVICE_FAMILY = "1,2";
			};
			name = Debug;
		};
		949E125D211CEC03004C7A1A /* Release */ = {
			isa = XCBuildConfiguration;
			baseConfigurationReference = 124DE8AB4A7D0E4E710F8F9B /* Pods-m00d-tracker.release.xcconfig */;
			buildSettings = {
				ASSETCATALOG_COMPILER_APPICON_NAME = AppIcon;
				CODE_SIGN_STYLE = Automatic;
				DEVELOPMENT_TEAM = QR3YW3B828;
				INFOPLIST_FILE = "m00d-tracker/Info.plist";
				LD_RUNPATH_SEARCH_PATHS = (
					"$(inherited)",
					"@executable_path/Frameworks",
				);
				PRODUCT_BUNDLE_IDENTIFIER = "me.meggyg.m00d-tracker";
				PRODUCT_NAME = "$(TARGET_NAME)";
				SWIFT_OBJC_BRIDGING_HEADER = "$PROJECT_DIR/Bridging-Header.h";
				SWIFT_VERSION = 4.0;
				TARGETED_DEVICE_FAMILY = "1,2";
			};
			name = Release;
		};
/* End XCBuildConfiguration section */

/* Begin XCConfigurationList section */
		949E1244211CEC02004C7A1A /* Build configuration list for PBXProject "m00d-tracker" */ = {
			isa = XCConfigurationList;
			buildConfigurations = (
				949E1259211CEC03004C7A1A /* Debug */,
				949E125A211CEC03004C7A1A /* Release */,
			);
			defaultConfigurationIsVisible = 0;
			defaultConfigurationName = Release;
		};
		949E125B211CEC03004C7A1A /* Build configuration list for PBXNativeTarget "m00d-tracker" */ = {
			isa = XCConfigurationList;
			buildConfigurations = (
				949E125C211CEC03004C7A1A /* Debug */,
				949E125D211CEC03004C7A1A /* Release */,
			);
			defaultConfigurationIsVisible = 0;
			defaultConfigurationName = Release;
		};
/* End XCConfigurationList section */
	};
	rootObject = 949E1241211CEC02004C7A1A /* Project object */;
}
